
Microsoft Visual Studio Solution File, Format Version 12.00
# Visual Studio Version 17
VisualStudioVersion = 17.7.34031.279
MinimumVisualStudioVersion = 10.0.40219.1
Project("{9A19103F-16F7-4668-BE54-9A1E7A4F7556}") = "HomeWork5_Task1_GasStation", "HomeWork5_Task1_GasStation\HomeWork5_Task1_GasStation.csproj", "{01821EBA-908C-45CD-8997-65A68CF1EB6B}"
EndProject
Project("{9A19103F-16F7-4668-BE54-9A1E7A4F7556}") = "task2_DataGridView", "task2_DataGridView\task2_DataGridView.csproj", "{83685D72-5048-4B57-903E-FBB76B78D95D}"
EndProject
Project("{FAE04EC0-301F-11D3-BF4B-00C04F79EFBC}") = "Task3_SalaryCalculator", "Task3_SalaryCalculator\Task3_SalaryCalculator.csproj", "{3D75EE79-763D-4288-8EC2-8A6B3FC90044}"
EndProject
Global
	GlobalSection(SolutionConfigurationPlatforms) = preSolution
		Debug|Any CPU = Debug|Any CPU
		Release|Any CPU = Release|Any CPU
	EndGlobalSection
	GlobalSection(ProjectConfigurationPlatforms) = postSolution
		{01821EBA-908C-45CD-8997-65A68CF1EB6B}.Debug|Any CPU.ActiveCfg = Debug|Any CPU
		{01821EBA-908C-45CD-8997-65A68CF1EB6B}.Debug|Any CPU.Build.0 = Debug|Any CPU
		{01821EBA-908C-45CD-8997-65A68CF1EB6B}.Release|Any CPU.ActiveCfg = Release|Any CPU
		{01821EBA-908C-45CD-8997-65A68CF1EB6B}.Release|Any CPU.Build.0 = Release|Any CPU
		{83685D72-5048-4B57-903E-FBB76B78D95D}.Debug|Any CPU.ActiveCfg = Debug|Any CPU
		{83685D72-5048-4B57-903E-FBB76B78D95D}.Debug|Any CPU.Build.0 = Debug|Any CPU
		{83685D72-5048-4B57-903E-FBB76B78D95D}.Release|Any CPU.ActiveCfg = Release|Any CPU
		{83685D72-5048-4B57-903E-FBB76B78D95D}.Release|Any CPU.Build.0 = Release|Any CPU
		{3D75EE79-763D-4288-8EC2-8A6B3FC90044}.Debug|Any CPU.ActiveCfg = Debug|Any CPU
		{3D75EE79-763D-4288-8EC2-8A6B3FC90044}.Debug|Any CPU.Build.0 = Debug|Any CPU
		{3D75EE79-763D-4288-8EC2-8A6B3FC90044}.Release|Any CPU.ActiveCfg = Release|Any CPU
		{3D75EE79-763D-4288-8EC2-8A6B3FC90044}.Release|Any CPU.Build.0 = Release|Any CPU
	EndGlobalSection
	GlobalSection(SolutionProperties) = preSolution
		HideSolutionNode = FALSE
	EndGlobalSection
	GlobalSection(ExtensibilityGlobals) = postSolution
		SolutionGuid = {7238E923-560B-428E-A9C7-220880AC6399}
	EndGlobalSection
EndGlobal
